
Microsoft Visual Studio Solution File, Format Version 12.00
# Visual Studio Version 17
VisualStudioVersion = 17.7.34202.233
MinimumVisualStudioVersion = 10.0.40219.1
Project("{8BC9CEB8-8B4A-11D0-8D11-00A0C91BC942}") = "ASDLab32Denis", "ASDLab32Denis\ASDLab32Denis.vcxproj", "{242ED703-AA37-4E91-BA02-20590A8899BB}"
EndProject
Global
	GlobalSection(SolutionConfigurationPlatforms) = preSolution
		Debug|x64 = Debug|x64
		Debug|x86 = Debug|x86
		Release|x64 = Release|x64
		Release|x86 = Release|x86
	EndGlobalSection
	GlobalSection(ProjectConfigurationPlatforms) = postSolution
		{242ED703-AA37-4E91-BA02-20590A8899BB}.Debug|x64.ActiveCfg = Debug|x64
		{242ED703-AA37-4E91-BA02-20590A8899BB}.Debug|x64.Build.0 = Debug|x64
		{242ED703-AA37-4E91-BA02-20590A8899BB}.Debug|x86.ActiveCfg = Debug|Win32
		{242ED703-AA37-4E91-BA02-20590A8899BB}.Debug|x86.Build.0 = Debug|Win32
		{242ED703-AA37-4E91-BA02-20590A8899BB}.Release|x64.ActiveCfg = Release|x64
		{242ED703-AA37-4E91-BA02-20590A8899BB}.Release|x64.Build.0 = Release|x64
		{242ED703-AA37-4E91-BA02-20590A8899BB}.Release|x86.ActiveCfg = Release|Win32
		{242ED703-AA37-4E91-BA02-20590A8899BB}.Release|x86.Build.0 = Release|Win32
	EndGlobalSection
	GlobalSection(SolutionProperties) = preSolution
		HideSolutionNode = FALSE
	EndGlobalSection
	GlobalSection(ExtensibilityGlobals) = postSolution
		SolutionGuid = {93CFB4E1-5788-4466-A7ED-D970FFC8B8F7}
	EndGlobalSection
EndGlobal
